
Microsoft Visual Studio Solution File, Format Version 12.00
# Visual Studio Version 17
VisualStudioVersion = 17.12.35527.113
MinimumVisualStudioVersion = 10.0.40219.1
Project("{2150E333-8FDC-42A3-9474-1A3956D46DE8}") = "AbstractFactory", "AbstractFactory", "{07905B9F-BE68-4F74-8B9E-9F251FB5CACC}"
EndProject
Project("{FAE04EC0-301F-11D3-BF4B-00C04F79EFBC}") = "AbstractFactory.A2", "AbstractFactory.A2\AbstractFactory.A2.csproj", "{2356831E-F334-4DF7-B69D-E5BB8C32FA6A}"
EndProject
Project("{FAE04EC0-301F-11D3-BF4B-00C04F79EFBC}") = "AbstractFactory.Sample", "AbstractFactory.Sample\AbstractFactory.Sample.csproj", "{F790C25B-4B68-4C42-9E3A-3CDC5BBA5180}"
EndProject
Project("{2150E333-8FDC-42A3-9474-1A3956D46DE8}") = "Adapter", "Adapter", "{FF06889C-C982-4298-B285-D1B4DDA89ECB}"
EndProject
Project("{FAE04EC0-301F-11D3-BF4B-00C04F79EFBC}") = "Adapter.A2", "Adapter.A2\Adapter.A2.csproj", "{DD63411D-0AE3-4C48-82C0-07188B80AFD1}"
EndProject
Project("{FAE04EC0-301F-11D3-BF4B-00C04F79EFBC}") = "Adapter.Q2", "Adapter.Q2\Adapter.Q2.csproj", "{5CD3863F-0788-4037-A92B-9E79204C9EE4}"
EndProject
Project("{FAE04EC0-301F-11D3-BF4B-00C04F79EFBC}") = "Adapter.Sapmple1", "Adapter.Sapmple1\Adapter.Sapmple1.csproj", "{8067A47C-86EC-4E1C-8B6C-427FFD4AB9EA}"
EndProject
Project("{FAE04EC0-301F-11D3-BF4B-00C04F79EFBC}") = "Adapter.Sample2", "Adapter.Sample2\Adapter.Sample2.csproj", "{CF09719C-F719-4885-AAF1-A29B9C7C49BE}"
EndProject
Project("{2150E333-8FDC-42A3-9474-1A3956D46DE8}") = "Bridge", "Bridge", "{361DBFB6-3035-48D7-A682-024DE604A5AB}"
EndProject
Project("{FAE04EC0-301F-11D3-BF4B-00C04F79EFBC}") = "Bridge.A1", "Bridge.A1\Bridge.A1.csproj", "{D76EC7EF-4A8B-453A-A5C1-37F8C8751B3B}"
EndProject
Project("{FAE04EC0-301F-11D3-BF4B-00C04F79EFBC}") = "Bridge.A2", "Bridge.A2\Bridge.A2.csproj", "{4EF9D759-E7E1-400E-979F-A739B1A6A840}"
EndProject
Project("{FAE04EC0-301F-11D3-BF4B-00C04F79EFBC}") = "Bridge.A3", "Bridge.A3\Bridge.A3.csproj", "{7772A2C2-5066-479F-A4AF-2B263D4E92D8}"
EndProject
Project("{FAE04EC0-301F-11D3-BF4B-00C04F79EFBC}") = "Bridge.Sample", "Bridge.Sample\Bridge.Sample.csproj", "{97FF887A-B110-438C-AE51-FF1A8AAE7C40}"
EndProject
Project("{2150E333-8FDC-42A3-9474-1A3956D46DE8}") = "Builder", "Builder", "{88576B08-60F1-479B-8925-D39CC2BB793B}"
EndProject
Project("{FAE04EC0-301F-11D3-BF4B-00C04F79EFBC}") = "Builder.A2", "Builder.A2\Builder.A2.csproj", "{E7C540EC-AB07-43DD-9422-6B9530362B96}"
EndProject
Project("{FAE04EC0-301F-11D3-BF4B-00C04F79EFBC}") = "Builder.A3.WinForm", "Builder.A3.WinForm\Builder.A3.WinForm.csproj", "{F56917D9-BC5A-4DBD-85DF-1A613C49F6DA}"
EndProject
Project("{FAE04EC0-301F-11D3-BF4B-00C04F79EFBC}") = "Builder.A4", "Builder.A4\Builder.A4.csproj", "{697C0B22-3564-47E1-83CF-02B44B09B8D4}"
EndProject
Project("{FAE04EC0-301F-11D3-BF4B-00C04F79EFBC}") = "Builder.Sample", "Builder.Sample\Builder.Sample.csproj", "{B1E64F78-B2B8-4155-A2E2-2C6D466139F4}"
EndProject
Project("{2150E333-8FDC-42A3-9474-1A3956D46DE8}") = "ChainOfResponsibility", "ChainOfResponsibility", "{AC0E8721-302F-4CE1-948E-F11D3B197F72}"
EndProject
Project("{FAE04EC0-301F-11D3-BF4B-00C04F79EFBC}") = "ChainOfResponsibility.A4", "ChainOfResponsibility.A4\ChainOfResponsibility.A4.csproj", "{025EC010-69EC-4C17-A4DB-70A9DE78F4A9}"
EndProject
Project("{FAE04EC0-301F-11D3-BF4B-00C04F79EFBC}") = "ChainOfResponsibility.Sample", "ChainOfResponsibility.Sample\ChainOfResponsibility.Sample.csproj", "{E9AA8368-0F35-4C0B-BA0E-D2B67E6E50A9}"
EndProject
Project("{2150E333-8FDC-42A3-9474-1A3956D46DE8}") = "Command", "Command", "{3F4B1D29-ED39-4223-9CE0-DF1F93A2BC7F}"
EndProject
Project("{FAE04EC0-301F-11D3-BF4B-00C04F79EFBC}") = "Command.Sample", "Command.Sample\Command.Sample.csproj", "{A5A5BDD1-62A9-4099-AD7E-B771C6949973}"
EndProject
Project("{FAE04EC0-301F-11D3-BF4B-00C04F79EFBC}") = "Command.A1", "Command.A1\Command.A1.csproj", "{2E92BEAB-9C4B-4FBF-ABD7-F49A6678294E}"
EndProject
Project("{2150E333-8FDC-42A3-9474-1A3956D46DE8}") = "Iterator", "Iterator", "{DDB4EF12-CC4E-5E88-E6FC-71A802F4DE97}"
EndProject
Project("{FAE04EC0-301F-11D3-BF4B-00C04F79EFBC}") = "Iterator.Sample", "Iterator.Sample\Iterator.Sample.csproj", "{39951BA6-0B3E-4D48-8C27-2DDBEDC44536}"
EndProject
Project("{FAE04EC0-301F-11D3-BF4B-00C04F79EFBC}") = "Iterator.A1", "Iterator.A1\Iterator.A1.csproj", "{630F9265-351C-4C03-A55E-39266BFDFA9C}"
EndProject
Project("{FAE04EC0-301F-11D3-BF4B-00C04F79EFBC}") = "Command.A2", "Command.A2\Command.A2.csproj", "{A6E5850F-D3C6-4044-8CE7-61284EFE5376}"
EndProject
Global
	GlobalSection(SolutionConfigurationPlatforms) = preSolution
		Debug|Any CPU = Debug|Any CPU
		Release|Any CPU = Release|Any CPU
	EndGlobalSection
	GlobalSection(ProjectConfigurationPlatforms) = postSolution
		{2356831E-F334-4DF7-B69D-E5BB8C32FA6A}.Debug|Any CPU.ActiveCfg = Debug|Any CPU
		{2356831E-F334-4DF7-B69D-E5BB8C32FA6A}.Debug|Any CPU.Build.0 = Debug|Any CPU
		{2356831E-F334-4DF7-B69D-E5BB8C32FA6A}.Release|Any CPU.ActiveCfg = Release|Any CPU
		{2356831E-F334-4DF7-B69D-E5BB8C32FA6A}.Release|Any CPU.Build.0 = Release|Any CPU
		{F790C25B-4B68-4C42-9E3A-3CDC5BBA5180}.Debug|Any CPU.ActiveCfg = Debug|Any CPU
		{F790C25B-4B68-4C42-9E3A-3CDC5BBA5180}.Debug|Any CPU.Build.0 = Debug|Any CPU
		{F790C25B-4B68-4C42-9E3A-3CDC5BBA5180}.Release|Any CPU.ActiveCfg = Release|Any CPU
		{F790C25B-4B68-4C42-9E3A-3CDC5BBA5180}.Release|Any CPU.Build.0 = Release|Any CPU
		{DD63411D-0AE3-4C48-82C0-07188B80AFD1}.Debug|Any CPU.ActiveCfg = Debug|Any CPU
		{DD63411D-0AE3-4C48-82C0-07188B80AFD1}.Debug|Any CPU.Build.0 = Debug|Any CPU
		{DD63411D-0AE3-4C48-82C0-07188B80AFD1}.Release|Any CPU.ActiveCfg = Release|Any CPU
		{DD63411D-0AE3-4C48-82C0-07188B80AFD1}.Release|Any CPU.Build.0 = Release|Any CPU
		{5CD3863F-0788-4037-A92B-9E79204C9EE4}.Debug|Any CPU.ActiveCfg = Debug|Any CPU
		{5CD3863F-0788-4037-A92B-9E79204C9EE4}.Debug|Any CPU.Build.0 = Debug|Any CPU
		{5CD3863F-0788-4037-A92B-9E79204C9EE4}.Release|Any CPU.ActiveCfg = Release|Any CPU
		{5CD3863F-0788-4037-A92B-9E79204C9EE4}.Release|Any CPU.Build.0 = Release|Any CPU
		{8067A47C-86EC-4E1C-8B6C-427FFD4AB9EA}.Debug|Any CPU.ActiveCfg = Debug|Any CPU
		{8067A47C-86EC-4E1C-8B6C-427FFD4AB9EA}.Debug|Any CPU.Build.0 = Debug|Any CPU
		{8067A47C-86EC-4E1C-8B6C-427FFD4AB9EA}.Release|Any CPU.ActiveCfg = Release|Any CPU
		{8067A47C-86EC-4E1C-8B6C-427FFD4AB9EA}.Release|Any CPU.Build.0 = Release|Any CPU
		{CF09719C-F719-4885-AAF1-A29B9C7C49BE}.Debug|Any CPU.ActiveCfg = Debug|Any CPU
		{CF09719C-F719-4885-AAF1-A29B9C7C49BE}.Debug|Any CPU.Build.0 = Debug|Any CPU
		{CF09719C-F719-4885-AAF1-A29B9C7C49BE}.Release|Any CPU.ActiveCfg = Release|Any CPU
		{CF09719C-F719-4885-AAF1-A29B9C7C49BE}.Release|Any CPU.Build.0 = Release|Any CPU
		{D76EC7EF-4A8B-453A-A5C1-37F8C8751B3B}.Debug|Any CPU.ActiveCfg = Debug|Any CPU
		{D76EC7EF-4A8B-453A-A5C1-37F8C8751B3B}.Debug|Any CPU.Build.0 = Debug|Any CPU
		{D76EC7EF-4A8B-453A-A5C1-37F8C8751B3B}.Release|Any CPU.ActiveCfg = Release|Any CPU
		{D76EC7EF-4A8B-453A-A5C1-37F8C8751B3B}.Release|Any CPU.Build.0 = Release|Any CPU
		{4EF9D759-E7E1-400E-979F-A739B1A6A840}.Debug|Any CPU.ActiveCfg = Debug|Any CPU
		{4EF9D759-E7E1-400E-979F-A739B1A6A840}.Debug|Any CPU.Build.0 = Debug|Any CPU
		{4EF9D759-E7E1-400E-979F-A739B1A6A840}.Release|Any CPU.ActiveCfg = Release|Any CPU
		{4EF9D759-E7E1-400E-979F-A739B1A6A840}.Release|Any CPU.Build.0 = Release|Any CPU
		{7772A2C2-5066-479F-A4AF-2B263D4E92D8}.Debug|Any CPU.ActiveCfg = Debug|Any CPU
		{7772A2C2-5066-479F-A4AF-2B263D4E92D8}.Debug|Any CPU.Build.0 = Debug|Any CPU
		{7772A2C2-5066-479F-A4AF-2B263D4E92D8}.Release|Any CPU.ActiveCfg = Release|Any CPU
		{7772A2C2-5066-479F-A4AF-2B263D4E92D8}.Release|Any CPU.Build.0 = Release|Any CPU
		{97FF887A-B110-438C-AE51-FF1A8AAE7C40}.Debug|Any CPU.ActiveCfg = Debug|Any CPU
		{97FF887A-B110-438C-AE51-FF1A8AAE7C40}.Debug|Any CPU.Build.0 = Debug|Any CPU
		{97FF887A-B110-438C-AE51-FF1A8AAE7C40}.Release|Any CPU.ActiveCfg = Release|Any CPU
		{97FF887A-B110-438C-AE51-FF1A8AAE7C40}.Release|Any CPU.Build.0 = Release|Any CPU
		{E7C540EC-AB07-43DD-9422-6B9530362B96}.Debug|Any CPU.ActiveCfg = Debug|Any CPU
		{E7C540EC-AB07-43DD-9422-6B9530362B96}.Debug|Any CPU.Build.0 = Debug|Any CPU
		{E7C540EC-AB07-43DD-9422-6B9530362B96}.Release|Any CPU.ActiveCfg = Release|Any CPU
		{E7C540EC-AB07-43DD-9422-6B9530362B96}.Release|Any CPU.Build.0 = Release|Any CPU
		{F56917D9-BC5A-4DBD-85DF-1A613C49F6DA}.Debug|Any CPU.ActiveCfg = Debug|Any CPU
		{F56917D9-BC5A-4DBD-85DF-1A613C49F6DA}.Debug|Any CPU.Build.0 = Debug|Any CPU
		{F56917D9-BC5A-4DBD-85DF-1A613C49F6DA}.Release|Any CPU.ActiveCfg = Release|Any CPU
		{F56917D9-BC5A-4DBD-85DF-1A613C49F6DA}.Release|Any CPU.Build.0 = Release|Any CPU
		{697C0B22-3564-47E1-83CF-02B44B09B8D4}.Debug|Any CPU.ActiveCfg = Debug|Any CPU
		{697C0B22-3564-47E1-83CF-02B44B09B8D4}.Debug|Any CPU.Build.0 = Debug|Any CPU
		{697C0B22-3564-47E1-83CF-02B44B09B8D4}.Release|Any CPU.ActiveCfg = Release|Any CPU
		{697C0B22-3564-47E1-83CF-02B44B09B8D4}.Release|Any CPU.Build.0 = Release|Any CPU
		{B1E64F78-B2B8-4155-A2E2-2C6D466139F4}.Debug|Any CPU.ActiveCfg = Debug|Any CPU
		{B1E64F78-B2B8-4155-A2E2-2C6D466139F4}.Debug|Any CPU.Build.0 = Debug|Any CPU
		{B1E64F78-B2B8-4155-A2E2-2C6D466139F4}.Release|Any CPU.ActiveCfg = Release|Any CPU
		{B1E64F78-B2B8-4155-A2E2-2C6D466139F4}.Release|Any CPU.Build.0 = Release|Any CPU
		{025EC010-69EC-4C17-A4DB-70A9DE78F4A9}.Debug|Any CPU.ActiveCfg = Debug|Any CPU
		{025EC010-69EC-4C17-A4DB-70A9DE78F4A9}.Debug|Any CPU.Build.0 = Debug|Any CPU
		{025EC010-69EC-4C17-A4DB-70A9DE78F4A9}.Release|Any CPU.ActiveCfg = Release|Any CPU
		{025EC010-69EC-4C17-A4DB-70A9DE78F4A9}.Release|Any CPU.Build.0 = Release|Any CPU
		{E9AA8368-0F35-4C0B-BA0E-D2B67E6E50A9}.Debug|Any CPU.ActiveCfg = Debug|Any CPU
		{E9AA8368-0F35-4C0B-BA0E-D2B67E6E50A9}.Debug|Any CPU.Build.0 = Debug|Any CPU
		{E9AA8368-0F35-4C0B-BA0E-D2B67E6E50A9}.Release|Any CPU.ActiveCfg = Release|Any CPU
		{E9AA8368-0F35-4C0B-BA0E-D2B67E6E50A9}.Release|Any CPU.Build.0 = Release|Any CPU
		{A5A5BDD1-62A9-4099-AD7E-B771C6949973}.Debug|Any CPU.ActiveCfg = Debug|Any CPU
		{A5A5BDD1-62A9-4099-AD7E-B771C6949973}.Debug|Any CPU.Build.0 = Debug|Any CPU
		{A5A5BDD1-62A9-4099-AD7E-B771C6949973}.Release|Any CPU.ActiveCfg = Release|Any CPU
		{A5A5BDD1-62A9-4099-AD7E-B771C6949973}.Release|Any CPU.Build.0 = Release|Any CPU
		{2E92BEAB-9C4B-4FBF-ABD7-F49A6678294E}.Debug|Any CPU.ActiveCfg = Debug|Any CPU
		{2E92BEAB-9C4B-4FBF-ABD7-F49A6678294E}.Debug|Any CPU.Build.0 = Debug|Any CPU
		{2E92BEAB-9C4B-4FBF-ABD7-F49A6678294E}.Release|Any CPU.ActiveCfg = Release|Any CPU
		{2E92BEAB-9C4B-4FBF-ABD7-F49A6678294E}.Release|Any CPU.Build.0 = Release|Any CPU
		{39951BA6-0B3E-4D48-8C27-2DDBEDC44536}.Debug|Any CPU.ActiveCfg = Debug|Any CPU
		{39951BA6-0B3E-4D48-8C27-2DDBEDC44536}.Debug|Any CPU.Build.0 = Debug|Any CPU
		{39951BA6-0B3E-4D48-8C27-2DDBEDC44536}.Release|Any CPU.ActiveCfg = Release|Any CPU
		{39951BA6-0B3E-4D48-8C27-2DDBEDC44536}.Release|Any CPU.Build.0 = Release|Any CPU
		{630F9265-351C-4C03-A55E-39266BFDFA9C}.Debug|Any CPU.ActiveCfg = Debug|Any CPU
		{630F9265-351C-4C03-A55E-39266BFDFA9C}.Debug|Any CPU.Build.0 = Debug|Any CPU
		{630F9265-351C-4C03-A55E-39266BFDFA9C}.Release|Any CPU.ActiveCfg = Release|Any CPU
		{630F9265-351C-4C03-A55E-39266BFDFA9C}.Release|Any CPU.Build.0 = Release|Any CPU
		{A6E5850F-D3C6-4044-8CE7-61284EFE5376}.Debug|Any CPU.ActiveCfg = Debug|Any CPU
		{A6E5850F-D3C6-4044-8CE7-61284EFE5376}.Debug|Any CPU.Build.0 = Debug|Any CPU
		{A6E5850F-D3C6-4044-8CE7-61284EFE5376}.Release|Any CPU.ActiveCfg = Release|Any CPU
		{A6E5850F-D3C6-4044-8CE7-61284EFE5376}.Release|Any CPU.Build.0 = Release|Any CPU
	EndGlobalSection
	GlobalSection(SolutionProperties) = preSolution
		HideSolutionNode = FALSE
	EndGlobalSection
	GlobalSection(NestedProjects) = preSolution
		{2356831E-F334-4DF7-B69D-E5BB8C32FA6A} = {07905B9F-BE68-4F74-8B9E-9F251FB5CACC}
		{F790C25B-4B68-4C42-9E3A-3CDC5BBA5180} = {07905B9F-BE68-4F74-8B9E-9F251FB5CACC}
		{DD63411D-0AE3-4C48-82C0-07188B80AFD1} = {FF06889C-C982-4298-B285-D1B4DDA89ECB}
		{5CD3863F-0788-4037-A92B-9E79204C9EE4} = {FF06889C-C982-4298-B285-D1B4DDA89ECB}
		{8067A47C-86EC-4E1C-8B6C-427FFD4AB9EA} = {FF06889C-C982-4298-B285-D1B4DDA89ECB}
		{CF09719C-F719-4885-AAF1-A29B9C7C49BE} = {FF06889C-C982-4298-B285-D1B4DDA89ECB}
		{D76EC7EF-4A8B-453A-A5C1-37F8C8751B3B} = {361DBFB6-3035-48D7-A682-024DE604A5AB}
		{4EF9D759-E7E1-400E-979F-A739B1A6A840} = {361DBFB6-3035-48D7-A682-024DE604A5AB}
		{7772A2C2-5066-479F-A4AF-2B263D4E92D8} = {361DBFB6-3035-48D7-A682-024DE604A5AB}
		{97FF887A-B110-438C-AE51-FF1A8AAE7C40} = {361DBFB6-3035-48D7-A682-024DE604A5AB}
		{E7C540EC-AB07-43DD-9422-6B9530362B96} = {88576B08-60F1-479B-8925-D39CC2BB793B}
		{F56917D9-BC5A-4DBD-85DF-1A613C49F6DA} = {88576B08-60F1-479B-8925-D39CC2BB793B}
		{697C0B22-3564-47E1-83CF-02B44B09B8D4} = {88576B08-60F1-479B-8925-D39CC2BB793B}
		{B1E64F78-B2B8-4155-A2E2-2C6D466139F4} = {88576B08-60F1-479B-8925-D39CC2BB793B}
		{025EC010-69EC-4C17-A4DB-70A9DE78F4A9} = {AC0E8721-302F-4CE1-948E-F11D3B197F72}
		{E9AA8368-0F35-4C0B-BA0E-D2B67E6E50A9} = {AC0E8721-302F-4CE1-948E-F11D3B197F72}
		{A5A5BDD1-62A9-4099-AD7E-B771C6949973} = {3F4B1D29-ED39-4223-9CE0-DF1F93A2BC7F}
		{2E92BEAB-9C4B-4FBF-ABD7-F49A6678294E} = {3F4B1D29-ED39-4223-9CE0-DF1F93A2BC7F}
		{39951BA6-0B3E-4D48-8C27-2DDBEDC44536} = {DDB4EF12-CC4E-5E88-E6FC-71A802F4DE97}
		{630F9265-351C-4C03-A55E-39266BFDFA9C} = {DDB4EF12-CC4E-5E88-E6FC-71A802F4DE97}
		{A6E5850F-D3C6-4044-8CE7-61284EFE5376} = {3F4B1D29-ED39-4223-9CE0-DF1F93A2BC7F}
	EndGlobalSection
	GlobalSection(ExtensibilityGlobals) = postSolution
		SolutionGuid = {FF80FA25-6A93-47F0-9327-F42A4C06DC24}
	EndGlobalSection
EndGlobal
